
Microsoft Visual Studio Solution File, Format Version 12.00
# Visual Studio Version 16
VisualStudioVersion = 16.0.29806.167
MinimumVisualStudioVersion = 10.0.40219.1
Project("{FAE04EC0-301F-11D3-BF4B-00C04F79EFBC}") = "stackDinamic", "stackDinamic\stackDinamic.csproj", "{93E85B59-9A82-40B6-9B06-F455472AE213}"
EndProject
Global
	GlobalSection(SolutionConfigurationPlatforms) = preSolution
		Debug|Any CPU = Debug|Any CPU
		Release|Any CPU = Release|Any CPU
	EndGlobalSection
	GlobalSection(ProjectConfigurationPlatforms) = postSolution
		{93E85B59-9A82-40B6-9B06-F455472AE213}.Debug|Any CPU.ActiveCfg = Debug|Any CPU
		{93E85B59-9A82-40B6-9B06-F455472AE213}.Debug|Any CPU.Build.0 = Debug|Any CPU
		{93E85B59-9A82-40B6-9B06-F455472AE213}.Release|Any CPU.ActiveCfg = Release|Any CPU
		{93E85B59-9A82-40B6-9B06-F455472AE213}.Release|Any CPU.Build.0 = Release|Any CPU
	EndGlobalSection
	GlobalSection(SolutionProperties) = preSolution
		HideSolutionNode = FALSE
	EndGlobalSection
	GlobalSection(ExtensibilityGlobals) = postSolution
		SolutionGuid = {156F18F1-EC6D-4D8E-B56B-D47FE0BD58E3}
	EndGlobalSection
EndGlobal
